
Microsoft Visual Studio Solution File, Format Version 12.00
# Visual Studio 15
VisualStudioVersion = 15.0.27703.2018
MinimumVisualStudioVersion = 10.0.40219.1
Project("{FAE04EC0-301F-11D3-BF4B-00C04F79EFBC}") = "EntidadesAbstractas", "EntidadesAbstractas\EntidadesAbstractas.csproj", "{9100698D-7265-4DEF-AE6D-B1E306F8D188}"
EndProject
Project("{FAE04EC0-301F-11D3-BF4B-00C04F79EFBC}") = "Excepciones", "Excepciones\Excepciones.csproj", "{725DF2F6-06E0-4400-A04E-A812129626A3}"
EndProject
Project("{FAE04EC0-301F-11D3-BF4B-00C04F79EFBC}") = "Archivos", "Archivos\Archivos.csproj", "{3ECABB74-5562-4D2E-9428-86DB0EE18F72}"
EndProject
Project("{FAE04EC0-301F-11D3-BF4B-00C04F79EFBC}") = "ClasesInstanciables", "ClasesInstanciables\ClasesInstanciables.csproj", "{9120A15D-F1C2-4516-8848-87421CB49B5A}"
EndProject
Project("{FAE04EC0-301F-11D3-BF4B-00C04F79EFBC}") = "VistaConsola", "VistaConsola\VistaConsola.csproj", "{2290BBD5-6A9E-4140-B1B1-69AA2B6F23E8}"
EndProject
Project("{FAE04EC0-301F-11D3-BF4B-00C04F79EFBC}") = "UnitTestTP3", "UnitTestTP3\UnitTestTP3.csproj", "{F63F5589-9B85-4637-98FE-A153CF274AD8}"
EndProject
Global
	GlobalSection(SolutionConfigurationPlatforms) = preSolution
		Debug|Any CPU = Debug|Any CPU
		Release|Any CPU = Release|Any CPU
	EndGlobalSection
	GlobalSection(ProjectConfigurationPlatforms) = postSolution
		{9100698D-7265-4DEF-AE6D-B1E306F8D188}.Debug|Any CPU.ActiveCfg = Debug|Any CPU
		{9100698D-7265-4DEF-AE6D-B1E306F8D188}.Debug|Any CPU.Build.0 = Debug|Any CPU
		{9100698D-7265-4DEF-AE6D-B1E306F8D188}.Release|Any CPU.ActiveCfg = Release|Any CPU
		{9100698D-7265-4DEF-AE6D-B1E306F8D188}.Release|Any CPU.Build.0 = Release|Any CPU
		{725DF2F6-06E0-4400-A04E-A812129626A3}.Debug|Any CPU.ActiveCfg = Debug|Any CPU
		{725DF2F6-06E0-4400-A04E-A812129626A3}.Debug|Any CPU.Build.0 = Debug|Any CPU
		{725DF2F6-06E0-4400-A04E-A812129626A3}.Release|Any CPU.ActiveCfg = Release|Any CPU
		{725DF2F6-06E0-4400-A04E-A812129626A3}.Release|Any CPU.Build.0 = Release|Any CPU
		{3ECABB74-5562-4D2E-9428-86DB0EE18F72}.Debug|Any CPU.ActiveCfg = Debug|Any CPU
		{3ECABB74-5562-4D2E-9428-86DB0EE18F72}.Debug|Any CPU.Build.0 = Debug|Any CPU
		{3ECABB74-5562-4D2E-9428-86DB0EE18F72}.Release|Any CPU.ActiveCfg = Release|Any CPU
		{3ECABB74-5562-4D2E-9428-86DB0EE18F72}.Release|Any CPU.Build.0 = Release|Any CPU
		{9120A15D-F1C2-4516-8848-87421CB49B5A}.Debug|Any CPU.ActiveCfg = Debug|Any CPU
		{9120A15D-F1C2-4516-8848-87421CB49B5A}.Debug|Any CPU.Build.0 = Debug|Any CPU
		{9120A15D-F1C2-4516-8848-87421CB49B5A}.Release|Any CPU.ActiveCfg = Release|Any CPU
		{9120A15D-F1C2-4516-8848-87421CB49B5A}.Release|Any CPU.Build.0 = Release|Any CPU
		{2290BBD5-6A9E-4140-B1B1-69AA2B6F23E8}.Debug|Any CPU.ActiveCfg = Debug|Any CPU
		{2290BBD5-6A9E-4140-B1B1-69AA2B6F23E8}.Debug|Any CPU.Build.0 = Debug|Any CPU
		{2290BBD5-6A9E-4140-B1B1-69AA2B6F23E8}.Release|Any CPU.ActiveCfg = Release|Any CPU
		{2290BBD5-6A9E-4140-B1B1-69AA2B6F23E8}.Release|Any CPU.Build.0 = Release|Any CPU
		{F63F5589-9B85-4637-98FE-A153CF274AD8}.Debug|Any CPU.ActiveCfg = Debug|Any CPU
		{F63F5589-9B85-4637-98FE-A153CF274AD8}.Debug|Any CPU.Build.0 = Debug|Any CPU
		{F63F5589-9B85-4637-98FE-A153CF274AD8}.Release|Any CPU.ActiveCfg = Release|Any CPU
		{F63F5589-9B85-4637-98FE-A153CF274AD8}.Release|Any CPU.Build.0 = Release|Any CPU
	EndGlobalSection
	GlobalSection(SolutionProperties) = preSolution
		HideSolutionNode = FALSE
	EndGlobalSection
	GlobalSection(ExtensibilityGlobals) = postSolution
		SolutionGuid = {53E681D2-38A9-497E-B57F-F5CCE769AD3C}
	EndGlobalSection
EndGlobal
